{
  "object": {
    "pins": [
      {
        "package": "Base32",
        "repositoryURL": "https://github.com/norio-nomura/Base32",
        "state": {
          "branch": null,
          "revision": "f235579fee2633320047dc12caed7ebd738fa77f",
          "version": "0.7.0"
        }
      }
    ]
  },
  "version": 1
}
