{
  "object": {
    "pins": [
      {
        "package": "Base32",
        "repositoryURL": "https://github.com/norio-nomura/Base32",
        "state": {
          "branch": null,
          "revision": "f235579fee2633320047dc12caed7ebd738fa77f",
          "version": "0.7.0"
        }
      },
      {
        "package": "Cryptor",
        "repositoryURL": "https://github.com/IBM-Swift/BlueCryptor.git",
        "state": {
          "branch": null,
          "revision": "6f79b4ea0a7ef8acb08ba3f3e23da32e83acaca3",
          "version": "1.0.28"
        }
      }
    ]
  },
  "version": 1
}
